
Microsoft Visual Studio Solution File, Format Version 12.00
# Visual Studio Version 16
VisualStudioVersion = 16.0.30804.86
MinimumVisualStudioVersion = 10.0.40219.1
Project("{9A19103F-16F7-4668-BE54-9A1E7A4F7556}") = "Task_1", "Task_1\Task_1.csproj", "{C8869547-123F-4D24-A2AB-B3464EC2EA51}"
EndProject
Project("{FAE04EC0-301F-11D3-BF4B-00C04F79EFBC}") = "Task_2", "Task_2\Task_2.csproj", "{C5D61368-367A-4AAF-B319-8C483ABE690F}"
EndProject
Project("{FAE04EC0-301F-11D3-BF4B-00C04F79EFBC}") = "Task_3", "Task_3\Task_3.csproj", "{C28D46E2-453D-497E-8C29-2E6F21A04E3A}"
EndProject
Global
	GlobalSection(SolutionConfigurationPlatforms) = preSolution
		Debug|Any CPU = Debug|Any CPU
		Release|Any CPU = Release|Any CPU
	EndGlobalSection
	GlobalSection(ProjectConfigurationPlatforms) = postSolution
		{C8869547-123F-4D24-A2AB-B3464EC2EA51}.Debug|Any CPU.ActiveCfg = Debug|Any CPU
		{C8869547-123F-4D24-A2AB-B3464EC2EA51}.Debug|Any CPU.Build.0 = Debug|Any CPU
		{C8869547-123F-4D24-A2AB-B3464EC2EA51}.Release|Any CPU.ActiveCfg = Release|Any CPU
		{C8869547-123F-4D24-A2AB-B3464EC2EA51}.Release|Any CPU.Build.0 = Release|Any CPU
		{C5D61368-367A-4AAF-B319-8C483ABE690F}.Debug|Any CPU.ActiveCfg = Debug|Any CPU
		{C5D61368-367A-4AAF-B319-8C483ABE690F}.Debug|Any CPU.Build.0 = Debug|Any CPU
		{C5D61368-367A-4AAF-B319-8C483ABE690F}.Release|Any CPU.ActiveCfg = Release|Any CPU
		{C5D61368-367A-4AAF-B319-8C483ABE690F}.Release|Any CPU.Build.0 = Release|Any CPU
		{C28D46E2-453D-497E-8C29-2E6F21A04E3A}.Debug|Any CPU.ActiveCfg = Debug|Any CPU
		{C28D46E2-453D-497E-8C29-2E6F21A04E3A}.Debug|Any CPU.Build.0 = Debug|Any CPU
		{C28D46E2-453D-497E-8C29-2E6F21A04E3A}.Release|Any CPU.ActiveCfg = Release|Any CPU
		{C28D46E2-453D-497E-8C29-2E6F21A04E3A}.Release|Any CPU.Build.0 = Release|Any CPU
	EndGlobalSection
	GlobalSection(SolutionProperties) = preSolution
		HideSolutionNode = FALSE
	EndGlobalSection
	GlobalSection(ExtensibilityGlobals) = postSolution
		SolutionGuid = {33245A5F-0966-4F1E-84FE-58442B91947D}
	EndGlobalSection
EndGlobal
